// !$*UTF8*$!
{
	archiveVersion = 1;
	classes = {
	};
	objectVersion = 77;
	objects = {

/* Begin PBXBuildFile section */
		8878CB9D2EC6DBCA00FACE83 /* Date+ZIP.swift in Sources */ = {isa = PBXBuildFile; fileRef = 8878CB952EC6DBCA00FACE83 /* Date+ZIP.swift */; };
		8878CB9E2EC6DBCA00FACE83 /* Archive+WritingDeprecated.swift in Sources */ = {isa = PBXBuildFile; fileRef = 8878CB902EC6DBCA00FACE83 /* Archive+WritingDeprecated.swift */; };
		8878CB9F2EC6DBCA00FACE83 /* Archive.swift in Sources */ = {isa = PBXBuildFile; fileRef = 8878CB872EC6DBCA00FACE83 /* Archive.swift */; };
		8878CBA02EC6DBCA00FACE83 /* Archive+Reading.swift in Sources */ = {isa = PBXBuildFile; fileRef = 8878CB8D2EC6DBCA00FACE83 /* Archive+Reading.swift */; };
		8878CBA12EC6DBCA00FACE83 /* FileManager+ZIP.swift in Sources */ = {isa = PBXBuildFile; fileRef = 8878CB992EC6DBCA00FACE83 /* FileManager+ZIP.swift */; };
		8878CBA22EC6DBCA00FACE83 /* Archive+Deprecated.swift in Sources */ = {isa = PBXBuildFile; fileRef = 8878CB892EC6DBCA00FACE83 /* Archive+Deprecated.swift */; };
		8878CBA32EC6DBCA00FACE83 /* Data+CompressionDeprecated.swift in Sources */ = {isa = PBXBuildFile; fileRef = 8878CB932EC6DBCA00FACE83 /* Data+CompressionDeprecated.swift */; };
		8878CBA42EC6DBCA00FACE83 /* URL+ZIP.swift in Sources */ = {isa = PBXBuildFile; fileRef = 8878CB9B2EC6DBCA00FACE83 /* URL+ZIP.swift */; };
		8878CBA52EC6DBCA00FACE83 /* Data+Compression.swift in Sources */ = {isa = PBXBuildFile; fileRef = 8878CB922EC6DBCA00FACE83 /* Data+Compression.swift */; };
		8878CBA62EC6DBCA00FACE83 /* Archive+MemoryFile.swift in Sources */ = {isa = PBXBuildFile; fileRef = 8878CB8B2EC6DBCA00FACE83 /* Archive+MemoryFile.swift */; };
		8878CBA72EC6DBCA00FACE83 /* Archive+Writing.swift in Sources */ = {isa = PBXBuildFile; fileRef = 8878CB8F2EC6DBCA00FACE83 /* Archive+Writing.swift */; };
		8878CBA82EC6DBCA00FACE83 /* Archive+Helpers.swift in Sources */ = {isa = PBXBuildFile; fileRef = 8878CB8A2EC6DBCA00FACE83 /* Archive+Helpers.swift */; };
		8878CBA92EC6DBCA00FACE83 /* Archive+BackingConfiguration.swift in Sources */ = {isa = PBXBuildFile; fileRef = 8878CB882EC6DBCA00FACE83 /* Archive+BackingConfiguration.swift */; };
		8878CBAA2EC6DBCA00FACE83 /* Archive+ZIP64.swift in Sources */ = {isa = PBXBuildFile; fileRef = 8878CB912EC6DBCA00FACE83 /* Archive+ZIP64.swift */; };
		8878CBAB2EC6DBCA00FACE83 /* Entry+ZIP64.swift in Sources */ = {isa = PBXBuildFile; fileRef = 8878CB982EC6DBCA00FACE83 /* Entry+ZIP64.swift */; };
		8878CBAC2EC6DBCA00FACE83 /* Archive+Progress.swift in Sources */ = {isa = PBXBuildFile; fileRef = 8878CB8C2EC6DBCA00FACE83 /* Archive+Progress.swift */; };
		8878CBAD2EC6DBCA00FACE83 /* Entry.swift in Sources */ = {isa = PBXBuildFile; fileRef = 8878CB962EC6DBCA00FACE83 /* Entry.swift */; };
		8878CBAE2EC6DBCA00FACE83 /* Entry+Serialization.swift in Sources */ = {isa = PBXBuildFile; fileRef = 8878CB972EC6DBCA00FACE83 /* Entry+Serialization.swift */; };
		8878CBAF2EC6DBCA00FACE83 /* FileManager+ZIPDeprecated.swift in Sources */ = {isa = PBXBuildFile; fileRef = 8878CB9A2EC6DBCA00FACE83 /* FileManager+ZIPDeprecated.swift */; };
		8878CBB02EC6DBCA00FACE83 /* Archive+ReadingDeprecated.swift in Sources */ = {isa = PBXBuildFile; fileRef = 8878CB8E2EC6DBCA00FACE83 /* Archive+ReadingDeprecated.swift */; };
		8878CBB12EC6DBCA00FACE83 /* Data+Serialization.swift in Sources */ = {isa = PBXBuildFile; fileRef = 8878CB942EC6DBCA00FACE83 /* Data+Serialization.swift */; };
		8878CBC32EC761AA00FACE83 /* ExportOptions.plist in Resources */ = {isa = PBXBuildFile; fileRef = 8878CBC22EC761AA00FACE83 /* ExportOptions.plist */; };
/* End PBXBuildFile section */

/* Begin PBXContainerItemProxy section */
		88F0A7E32EC0CDE000CE06FC /* PBXContainerItemProxy */ = {
			isa = PBXContainerItemProxy;
			containerPortal = 88F0A7C92EC0CDDF00CE06FC /* Project object */;
			proxyType = 1;
			remoteGlobalIDString = 88F0A7D02EC0CDDF00CE06FC;
			remoteInfo = TransAI;
		};
		88F0A7ED2EC0CDE000CE06FC /* PBXContainerItemProxy */ = {
			isa = PBXContainerItemProxy;
			containerPortal = 88F0A7C92EC0CDDF00CE06FC /* Project object */;
			proxyType = 1;
			remoteGlobalIDString = 88F0A7D02EC0CDDF00CE06FC;
			remoteInfo = TransAI;
		};
/* End PBXContainerItemProxy section */

/* Begin PBXFileReference section */
		8878CB852EC6DBCA00FACE83 /* PrivacyInfo.xcprivacy */ = {isa = PBXFileReference; lastKnownFileType = text.xml; path = PrivacyInfo.xcprivacy; sourceTree = "<group>"; };
		8878CB872EC6DBCA00FACE83 /* Archive.swift */ = {isa = PBXFileReference; lastKnownFileType = sourcecode.swift; path = Archive.swift; sourceTree = "<group>"; };
		8878CB882EC6DBCA00FACE83 /* Archive+BackingConfiguration.swift */ = {isa = PBXFileReference; lastKnownFileType = sourcecode.swift; path = "Archive+BackingConfiguration.swift"; sourceTree = "<group>"; };
		8878CB892EC6DBCA00FACE83 /* Archive+Deprecated.swift */ = {isa = PBXFileReference; lastKnownFileType = sourcecode.swift; path = "Archive+Deprecated.swift"; sourceTree = "<group>"; };
		8878CB8A2EC6DBCA00FACE83 /* Archive+Helpers.swift */ = {isa = PBXFileReference; lastKnownFileType = sourcecode.swift; path = "Archive+Helpers.swift"; sourceTree = "<group>"; };
		8878CB8B2EC6DBCA00FACE83 /* Archive+MemoryFile.swift */ = {isa = PBXFileReference; lastKnownFileType = sourcecode.swift; path = "Archive+MemoryFile.swift"; sourceTree = "<group>"; };
		8878CB8C2EC6DBCA00FACE83 /* Archive+Progress.swift */ = {isa = PBXFileReference; lastKnownFileType = sourcecode.swift; path = "Archive+Progress.swift"; sourceTree = "<group>"; };
		8878CB8D2EC6DBCA00FACE83 /* Archive+Reading.swift */ = {isa = PBXFileReference; lastKnownFileType = sourcecode.swift; path = "Archive+Reading.swift"; sourceTree = "<group>"; };
		8878CB8E2EC6DBCA00FACE83 /* Archive+ReadingDeprecated.swift */ = {isa = PBXFileReference; lastKnownFileType = sourcecode.swift; path = "Archive+ReadingDeprecated.swift"; sourceTree = "<group>"; };
		8878CB8F2EC6DBCA00FACE83 /* Archive+Writing.swift */ = {isa = PBXFileReference; lastKnownFileType = sourcecode.swift; path = "Archive+Writing.swift"; sourceTree = "<group>"; };
		8878CB902EC6DBCA00FACE83 /* Archive+WritingDeprecated.swift */ = {isa = PBXFileReference; lastKnownFileType = sourcecode.swift; path = "Archive+WritingDeprecated.swift"; sourceTree = "<group>"; };
		8878CB912EC6DBCA00FACE83 /* Archive+ZIP64.swift */ = {isa = PBXFileReference; lastKnownFileType = sourcecode.swift; path = "Archive+ZIP64.swift"; sourceTree = "<group>"; };
		8878CB922EC6DBCA00FACE83 /* Data+Compression.swift */ = {isa = PBXFileReference; lastKnownFileType = sourcecode.swift; path = "Data+Compression.swift"; sourceTree = "<group>"; };
		8878CB932EC6DBCA00FACE83 /* Data+CompressionDeprecated.swift */ = {isa = PBXFileReference; lastKnownFileType = sourcecode.swift; path = "Data+CompressionDeprecated.swift"; sourceTree = "<group>"; };
		8878CB942EC6DBCA00FACE83 /* Data+Serialization.swift */ = {isa = PBXFileReference; lastKnownFileType = sourcecode.swift; path = "Data+Serialization.swift"; sourceTree = "<group>"; };
		8878CB952EC6DBCA00FACE83 /* Date+ZIP.swift */ = {isa = PBXFileReference; lastKnownFileType = sourcecode.swift; path = "Date+ZIP.swift"; sourceTree = "<group>"; };
		8878CB962EC6DBCA00FACE83 /* Entry.swift */ = {isa = PBXFileReference; lastKnownFileType = sourcecode.swift; path = Entry.swift; sourceTree = "<group>"; };
		8878CB972EC6DBCA00FACE83 /* Entry+Serialization.swift */ = {isa = PBXFileReference; lastKnownFileType = sourcecode.swift; path = "Entry+Serialization.swift"; sourceTree = "<group>"; };
		8878CB982EC6DBCA00FACE83 /* Entry+ZIP64.swift */ = {isa = PBXFileReference; lastKnownFileType = sourcecode.swift; path = "Entry+ZIP64.swift"; sourceTree = "<group>"; };
		8878CB992EC6DBCA00FACE83 /* FileManager+ZIP.swift */ = {isa = PBXFileReference; lastKnownFileType = sourcecode.swift; path = "FileManager+ZIP.swift"; sourceTree = "<group>"; };
		8878CB9A2EC6DBCA00FACE83 /* FileManager+ZIPDeprecated.swift */ = {isa = PBXFileReference; lastKnownFileType = sourcecode.swift; path = "FileManager+ZIPDeprecated.swift"; sourceTree = "<group>"; };
		8878CB9B2EC6DBCA00FACE83 /* URL+ZIP.swift */ = {isa = PBXFileReference; lastKnownFileType = sourcecode.swift; path = "URL+ZIP.swift"; sourceTree = "<group>"; };
		8878CBB32EC6DBF200FACE83 /* module.modulemap */ = {isa = PBXFileReference; lastKnownFileType = "sourcecode.module-map"; path = module.modulemap; sourceTree = "<group>"; };
		8878CBB42EC6DBF200FACE83 /* shim.h */ = {isa = PBXFileReference; lastKnownFileType = sourcecode.c.h; path = shim.h; sourceTree = "<group>"; };
		8878CBC22EC761AA00FACE83 /* ExportOptions.plist */ = {isa = PBXFileReference; lastKnownFileType = text.plist.xml; path = ExportOptions.plist; sourceTree = "<group>"; };
		88F0A7D12EC0CDDF00CE06FC /* TransAI.app */ = {isa = PBXFileReference; explicitFileType = wrapper.application; includeInIndex = 0; path = TransAI.app; sourceTree = BUILT_PRODUCTS_DIR; };
		88F0A7E22EC0CDE000CE06FC /* TransAITests.xctest */ = {isa = PBXFileReference; explicitFileType = wrapper.cfbundle; includeInIndex = 0; path = TransAITests.xctest; sourceTree = BUILT_PRODUCTS_DIR; };
		88F0A7EC2EC0CDE000CE06FC /* TransAIUITests.xctest */ = {isa = PBXFileReference; explicitFileType = wrapper.cfbundle; includeInIndex = 0; path = TransAIUITests.xctest; sourceTree = BUILT_PRODUCTS_DIR; };
/* End PBXFileReference section */

/* Begin PBXFileSystemSynchronizedBuildFileExceptionSet section */
		8878CBDA2EC851B100FACE83 /* Exceptions for "TransAI" folder in "TransAI" target */ = {
			isa = PBXFileSystemSynchronizedBuildFileExceptionSet;
			membershipExceptions = (
				Info.plist,
			);
			target = 88F0A7D02EC0CDDF00CE06FC /* TransAI */;
		};
/* End PBXFileSystemSynchronizedBuildFileExceptionSet section */

/* Begin PBXFileSystemSynchronizedRootGroup section */
		88F0A7D32EC0CDDF00CE06FC /* TransAI */ = {
			isa = PBXFileSystemSynchronizedRootGroup;
			exceptions = (
				8878CBDA2EC851B100FACE83 /* Exceptions for "TransAI" folder in "TransAI" target */,
			);
			path = TransAI;
			sourceTree = "<group>";
		};
		88F0A7E52EC0CDE000CE06FC /* TransAITests */ = {
			isa = PBXFileSystemSynchronizedRootGroup;
			path = TransAITests;
			sourceTree = "<group>";
		};
		88F0A7EF2EC0CDE000CE06FC /* TransAIUITests */ = {
			isa = PBXFileSystemSynchronizedRootGroup;
			path = TransAIUITests;
			sourceTree = "<group>";
		};
/* End PBXFileSystemSynchronizedRootGroup section */

/* Begin PBXFrameworksBuildPhase section */
		88F0A7CE2EC0CDDF00CE06FC /* Frameworks */ = {
			isa = PBXFrameworksBuildPhase;
			buildActionMask = 2147483647;
			files = (
			);
			runOnlyForDeploymentPostprocessing = 0;
		};
		88F0A7DF2EC0CDE000CE06FC /* Frameworks */ = {
			isa = PBXFrameworksBuildPhase;
			buildActionMask = 2147483647;
			files = (
			);
			runOnlyForDeploymentPostprocessing = 0;
		};
		88F0A7E92EC0CDE000CE06FC /* Frameworks */ = {
			isa = PBXFrameworksBuildPhase;
			buildActionMask = 2147483647;
			files = (
			);
			runOnlyForDeploymentPostprocessing = 0;
		};
/* End PBXFrameworksBuildPhase section */

/* Begin PBXGroup section */
		8878CB862EC6DBCA00FACE83 /* Resources */ = {
			isa = PBXGroup;
			children = (
				8878CB852EC6DBCA00FACE83 /* PrivacyInfo.xcprivacy */,
			);
			path = Resources;
			sourceTree = "<group>";
		};
		8878CB9C2EC6DBCA00FACE83 /* ZIPFoundation */ = {
			isa = PBXGroup;
			children = (
				8878CB862EC6DBCA00FACE83 /* Resources */,
				8878CB872EC6DBCA00FACE83 /* Archive.swift */,
				8878CB882EC6DBCA00FACE83 /* Archive+BackingConfiguration.swift */,
				8878CB892EC6DBCA00FACE83 /* Archive+Deprecated.swift */,
				8878CB8A2EC6DBCA00FACE83 /* Archive+Helpers.swift */,
				8878CB8B2EC6DBCA00FACE83 /* Archive+MemoryFile.swift */,
				8878CB8C2EC6DBCA00FACE83 /* Archive+Progress.swift */,
				8878CB8D2EC6DBCA00FACE83 /* Archive+Reading.swift */,
				8878CB8E2EC6DBCA00FACE83 /* Archive+ReadingDeprecated.swift */,
				8878CB8F2EC6DBCA00FACE83 /* Archive+Writing.swift */,
				8878CB902EC6DBCA00FACE83 /* Archive+WritingDeprecated.swift */,
				8878CB912EC6DBCA00FACE83 /* Archive+ZIP64.swift */,
				8878CB922EC6DBCA00FACE83 /* Data+Compression.swift */,
				8878CB932EC6DBCA00FACE83 /* Data+CompressionDeprecated.swift */,
				8878CB942EC6DBCA00FACE83 /* Data+Serialization.swift */,
				8878CB952EC6DBCA00FACE83 /* Date+ZIP.swift */,
				8878CB962EC6DBCA00FACE83 /* Entry.swift */,
				8878CB972EC6DBCA00FACE83 /* Entry+Serialization.swift */,
				8878CB982EC6DBCA00FACE83 /* Entry+ZIP64.swift */,
				8878CB992EC6DBCA00FACE83 /* FileManager+ZIP.swift */,
				8878CB9A2EC6DBCA00FACE83 /* FileManager+ZIPDeprecated.swift */,
				8878CB9B2EC6DBCA00FACE83 /* URL+ZIP.swift */,
			);
			path = ZIPFoundation;
			sourceTree = "<group>";
		};
		8878CBB52EC6DBF200FACE83 /* CZLib */ = {
			isa = PBXGroup;
			children = (
				8878CBB32EC6DBF200FACE83 /* module.modulemap */,
				8878CBB42EC6DBF200FACE83 /* shim.h */,
			);
			path = CZLib;
			sourceTree = "<group>";
		};
		88F0A7C82EC0CDDF00CE06FC = {
			isa = PBXGroup;
			children = (
				8878CBB52EC6DBF200FACE83 /* CZLib */,
				8878CB9C2EC6DBCA00FACE83 /* ZIPFoundation */,
				88F0A7D32EC0CDDF00CE06FC /* TransAI */,
				88F0A7E52EC0CDE000CE06FC /* TransAITests */,
				88F0A7EF2EC0CDE000CE06FC /* TransAIUITests */,
				88F0A7D22EC0CDDF00CE06FC /* Products */,
				8878CBC22EC761AA00FACE83 /* ExportOptions.plist */,
			);
			sourceTree = "<group>";
		};
		88F0A7D22EC0CDDF00CE06FC /* Products */ = {
			isa = PBXGroup;
			children = (
				88F0A7D12EC0CDDF00CE06FC /* TransAI.app */,
				88F0A7E22EC0CDE000CE06FC /* TransAITests.xctest */,
				88F0A7EC2EC0CDE000CE06FC /* TransAIUITests.xctest */,
			);
			name = Products;
			sourceTree = "<group>";
		};
/* End PBXGroup section */

/* Begin PBXNativeTarget section */
		88F0A7D02EC0CDDF00CE06FC /* TransAI */ = {
			isa = PBXNativeTarget;
			buildConfigurationList = 88F0A7F62EC0CDE000CE06FC /* Build configuration list for PBXNativeTarget "TransAI" */;
			buildPhases = (
				88F0A7CD2EC0CDDF00CE06FC /* Sources */,
				88F0A7CE2EC0CDDF00CE06FC /* Frameworks */,
				88F0A7CF2EC0CDDF00CE06FC /* Resources */,
			);
			buildRules = (
			);
			dependencies = (
			);
			fileSystemSynchronizedGroups = (
				88F0A7D32EC0CDDF00CE06FC /* TransAI */,
			);
			name = TransAI;
			packageProductDependencies = (
			);
			productName = TransAI;
			productReference = 88F0A7D12EC0CDDF00CE06FC /* TransAI.app */;
			productType = "com.apple.product-type.application";
		};
		88F0A7E12EC0CDE000CE06FC /* TransAITests */ = {
			isa = PBXNativeTarget;
			buildConfigurationList = 88F0A7F92EC0CDE000CE06FC /* Build configuration list for PBXNativeTarget "TransAITests" */;
			buildPhases = (
				88F0A7DE2EC0CDE000CE06FC /* Sources */,
				88F0A7DF2EC0CDE000CE06FC /* Frameworks */,
				88F0A7E02EC0CDE000CE06FC /* Resources */,
			);
			buildRules = (
			);
			dependencies = (
				88F0A7E42EC0CDE000CE06FC /* PBXTargetDependency */,
			);
			fileSystemSynchronizedGroups = (
				88F0A7E52EC0CDE000CE06FC /* TransAITests */,
			);
			name = TransAITests;
			packageProductDependencies = (
			);
			productName = TransAITests;
			productReference = 88F0A7E22EC0CDE000CE06FC /* TransAITests.xctest */;
			productType = "com.apple.product-type.bundle.unit-test";
		};
		88F0A7EB2EC0CDE000CE06FC /* TransAIUITests */ = {
			isa = PBXNativeTarget;
			buildConfigurationList = 88F0A7FC2EC0CDE000CE06FC /* Build configuration list for PBXNativeTarget "TransAIUITests" */;
			buildPhases = (
				88F0A7E82EC0CDE000CE06FC /* Sources */,
				88F0A7E92EC0CDE000CE06FC /* Frameworks */,
				88F0A7EA2EC0CDE000CE06FC /* Resources */,
			);
			buildRules = (
			);
			dependencies = (
				88F0A7EE2EC0CDE000CE06FC /* PBXTargetDependency */,
			);
			fileSystemSynchronizedGroups = (
				88F0A7EF2EC0CDE000CE06FC /* TransAIUITests */,
			);
			name = TransAIUITests;
			packageProductDependencies = (
			);
			productName = TransAIUITests;
			productReference = 88F0A7EC2EC0CDE000CE06FC /* TransAIUITests.xctest */;
			productType = "com.apple.product-type.bundle.ui-testing";
		};
/* End PBXNativeTarget section */

/* Begin PBXProject section */
		88F0A7C92EC0CDDF00CE06FC /* Project object */ = {
			isa = PBXProject;
			attributes = {
				BuildIndependentTargetsInParallel = 1;
				LastSwiftUpdateCheck = 1620;
				LastUpgradeCheck = 1620;
				TargetAttributes = {
					88F0A7D02EC0CDDF00CE06FC = {
						CreatedOnToolsVersion = 16.2;
					};
					88F0A7E12EC0CDE000CE06FC = {
						CreatedOnToolsVersion = 16.2;
						TestTargetID = 88F0A7D02EC0CDDF00CE06FC;
					};
					88F0A7EB2EC0CDE000CE06FC = {
						CreatedOnToolsVersion = 16.2;
						TestTargetID = 88F0A7D02EC0CDDF00CE06FC;
					};
				};
			};
			buildConfigurationList = 88F0A7CC2EC0CDDF00CE06FC /* Build configuration list for PBXProject "TransAI" */;
			developmentRegion = en;
			hasScannedForEncodings = 0;
			knownRegions = (
				en,
				Base,
			);
			mainGroup = 88F0A7C82EC0CDDF00CE06FC;
			minimizedProjectReferenceProxies = 1;
			packageReferences = (
			);
			preferredProjectObjectVersion = 77;
			productRefGroup = 88F0A7D22EC0CDDF00CE06FC /* Products */;
			projectDirPath = "";
			projectRoot = "";
			targets = (
				88F0A7D02EC0CDDF00CE06FC /* TransAI */,
				88F0A7E12EC0CDE000CE06FC /* TransAITests */,
				88F0A7EB2EC0CDE000CE06FC /* TransAIUITests */,
			);
		};
/* End PBXProject section */

/* Begin PBXResourcesBuildPhase section */
		88F0A7CF2EC0CDDF00CE06FC /* Resources */ = {
			isa = PBXResourcesBuildPhase;
			buildActionMask = 2147483647;
			files = (
				8878CBC32EC761AA00FACE83 /* ExportOptions.plist in Resources */,
			);
			runOnlyForDeploymentPostprocessing = 0;
		};
		88F0A7E02EC0CDE000CE06FC /* Resources */ = {
			isa = PBXResourcesBuildPhase;
			buildActionMask = 2147483647;
			files = (
			);
			runOnlyForDeploymentPostprocessing = 0;
		};
		88F0A7EA2EC0CDE000CE06FC /* Resources */ = {
			isa = PBXResourcesBuildPhase;
			buildActionMask = 2147483647;
			files = (
			);
			runOnlyForDeploymentPostprocessing = 0;
		};
/* End PBXResourcesBuildPhase section */

/* Begin PBXSourcesBuildPhase section */
		88F0A7CD2EC0CDDF00CE06FC /* Sources */ = {
			isa = PBXSourcesBuildPhase;
			buildActionMask = 2147483647;
			files = (
				8878CB9D2EC6DBCA00FACE83 /* Date+ZIP.swift in Sources */,
				8878CB9E2EC6DBCA00FACE83 /* Archive+WritingDeprecated.swift in Sources */,
				8878CB9F2EC6DBCA00FACE83 /* Archive.swift in Sources */,
				8878CBA02EC6DBCA00FACE83 /* Archive+Reading.swift in Sources */,
				8878CBA12EC6DBCA00FACE83 /* FileManager+ZIP.swift in Sources */,
				8878CBA22EC6DBCA00FACE83 /* Archive+Deprecated.swift in Sources */,
				8878CBA32EC6DBCA00FACE83 /* Data+CompressionDeprecated.swift in Sources */,
				8878CBA42EC6DBCA00FACE83 /* URL+ZIP.swift in Sources */,
				8878CBA52EC6DBCA00FACE83 /* Data+Compression.swift in Sources */,
				8878CBA62EC6DBCA00FACE83 /* Archive+MemoryFile.swift in Sources */,
				8878CBA72EC6DBCA00FACE83 /* Archive+Writing.swift in Sources */,
				8878CBA82EC6DBCA00FACE83 /* Archive+Helpers.swift in Sources */,
				8878CBA92EC6DBCA00FACE83 /* Archive+BackingConfiguration.swift in Sources */,
				8878CBAA2EC6DBCA00FACE83 /* Archive+ZIP64.swift in Sources */,
				8878CBAB2EC6DBCA00FACE83 /* Entry+ZIP64.swift in Sources */,
				8878CBAC2EC6DBCA00FACE83 /* Archive+Progress.swift in Sources */,
				8878CBAD2EC6DBCA00FACE83 /* Entry.swift in Sources */,
				8878CBAE2EC6DBCA00FACE83 /* Entry+Serialization.swift in Sources */,
				8878CBAF2EC6DBCA00FACE83 /* FileManager+ZIPDeprecated.swift in Sources */,
				8878CBB02EC6DBCA00FACE83 /* Archive+ReadingDeprecated.swift in Sources */,
				8878CBB12EC6DBCA00FACE83 /* Data+Serialization.swift in Sources */,
			);
			runOnlyForDeploymentPostprocessing = 0;
		};
		88F0A7DE2EC0CDE000CE06FC /* Sources */ = {
			isa = PBXSourcesBuildPhase;
			buildActionMask = 2147483647;
			files = (
			);
			runOnlyForDeploymentPostprocessing = 0;
		};
		88F0A7E82EC0CDE000CE06FC /* Sources */ = {
			isa = PBXSourcesBuildPhase;
			buildActionMask = 2147483647;
			files = (
			);
			runOnlyForDeploymentPostprocessing = 0;
		};
/* End PBXSourcesBuildPhase section */

/* Begin PBXTargetDependency section */
		88F0A7E42EC0CDE000CE06FC /* PBXTargetDependency */ = {
			isa = PBXTargetDependency;
			target = 88F0A7D02EC0CDDF00CE06FC /* TransAI */;
			targetProxy = 88F0A7E32EC0CDE000CE06FC /* PBXContainerItemProxy */;
		};
		88F0A7EE2EC0CDE000CE06FC /* PBXTargetDependency */ = {
			isa = PBXTargetDependency;
			target = 88F0A7D02EC0CDDF00CE06FC /* TransAI */;
			targetProxy = 88F0A7ED2EC0CDE000CE06FC /* PBXContainerItemProxy */;
		};
/* End PBXTargetDependency section */

/* Begin XCBuildConfiguration section */
		88F0A7F42EC0CDE000CE06FC /* Debug */ = {
			isa = XCBuildConfiguration;
			buildSettings = {
				ALWAYS_SEARCH_USER_PATHS = NO;
				ASSETCATALOG_COMPILER_GENERATE_SWIFT_ASSET_SYMBOL_EXTENSIONS = YES;
				CLANG_ANALYZER_NONNULL = YES;
				CLANG_ANALYZER_NUMBER_OBJECT_CONVERSION = YES_AGGRESSIVE;
				CLANG_CXX_LANGUAGE_STANDARD = "gnu++20";
				CLANG_ENABLE_MODULES = YES;
				CLANG_ENABLE_OBJC_ARC = YES;
				CLANG_ENABLE_OBJC_WEAK = YES;
				CLANG_WARN_BLOCK_CAPTURE_AUTORELEASING = YES;
				CLANG_WARN_BOOL_CONVERSION = YES;
				CLANG_WARN_COMMA = YES;
				CLANG_WARN_CONSTANT_CONVERSION = YES;
				CLANG_WARN_DEPRECATED_OBJC_IMPLEMENTATIONS = YES;
				CLANG_WARN_DIRECT_OBJC_ISA_USAGE = YES_ERROR;
				CLANG_WARN_DOCUMENTATION_COMMENTS = YES;
				CLANG_WARN_EMPTY_BODY = YES;
				CLANG_WARN_ENUM_CONVERSION = YES;
				CLANG_WARN_INFINITE_RECURSION = YES;
				CLANG_WARN_INT_CONVERSION = YES;
				CLANG_WARN_NON_LITERAL_NULL_CONVERSION = YES;
				CLANG_WARN_OBJC_IMPLICIT_RETAIN_SELF = YES;
				CLANG_WARN_OBJC_LITERAL_CONVERSION = YES;
				CLANG_WARN_OBJC_ROOT_CLASS = YES_ERROR;
				CLANG_WARN_QUOTED_INCLUDE_IN_FRAMEWORK_HEADER = YES;
				CLANG_WARN_RANGE_LOOP_ANALYSIS = YES;
				CLANG_WARN_STRICT_PROTOTYPES = YES;
				CLANG_WARN_SUSPICIOUS_MOVE = YES;
				CLANG_WARN_UNGUARDED_AVAILABILITY = YES_AGGRESSIVE;
				CLANG_WARN_UNREACHABLE_CODE = YES;
				CLANG_WARN__DUPLICATE_METHOD_MATCH = YES;
				COPY_PHASE_STRIP = NO;
				DEBUG_INFORMATION_FORMAT = dwarf;
				ENABLE_STRICT_OBJC_MSGSEND = YES;
				ENABLE_TESTABILITY = YES;
				ENABLE_USER_SCRIPT_SANDBOXING = YES;
				GCC_C_LANGUAGE_STANDARD = gnu17;
				GCC_DYNAMIC_NO_PIC = NO;
				GCC_NO_COMMON_BLOCKS = YES;
				GCC_OPTIMIZATION_LEVEL = 0;
				GCC_PREPROCESSOR_DEFINITIONS = (
					"DEBUG=1",
					"$(inherited)",
				);
				GCC_WARN_64_TO_32_BIT_CONVERSION = YES;
				GCC_WARN_ABOUT_RETURN_TYPE = YES_ERROR;
				GCC_WARN_UNDECLARED_SELECTOR = YES;
				GCC_WARN_UNINITIALIZED_AUTOS = YES_AGGRESSIVE;
				GCC_WARN_UNUSED_FUNCTION = YES;
				GCC_WARN_UNUSED_VARIABLE = YES;
				LOCALIZATION_PREFERS_STRING_CATALOGS = YES;
				MTL_ENABLE_DEBUG_INFO = INCLUDE_SOURCE;
				MTL_FAST_MATH = YES;
				ONLY_ACTIVE_ARCH = YES;
				SWIFT_ACTIVE_COMPILATION_CONDITIONS = "DEBUG $(inherited)";
				SWIFT_OPTIMIZATION_LEVEL = "-Onone";
			};
			name = Debug;
		};
		88F0A7F52EC0CDE000CE06FC /* Release */ = {
			isa = XCBuildConfiguration;
			buildSettings = {
				ALWAYS_SEARCH_USER_PATHS = NO;
				ASSETCATALOG_COMPILER_GENERATE_SWIFT_ASSET_SYMBOL_EXTENSIONS = YES;
				CLANG_ANALYZER_NONNULL = YES;
				CLANG_ANALYZER_NUMBER_OBJECT_CONVERSION = YES_AGGRESSIVE;
				CLANG_CXX_LANGUAGE_STANDARD = "gnu++20";
				CLANG_ENABLE_MODULES = YES;
				CLANG_ENABLE_OBJC_ARC = YES;
				CLANG_ENABLE_OBJC_WEAK = YES;
				CLANG_WARN_BLOCK_CAPTURE_AUTORELEASING = YES;
				CLANG_WARN_BOOL_CONVERSION = YES;
				CLANG_WARN_COMMA = YES;
				CLANG_WARN_CONSTANT_CONVERSION = YES;
				CLANG_WARN_DEPRECATED_OBJC_IMPLEMENTATIONS = YES;
				CLANG_WARN_DIRECT_OBJC_ISA_USAGE = YES_ERROR;
				CLANG_WARN_DOCUMENTATION_COMMENTS = YES;
				CLANG_WARN_EMPTY_BODY = YES;
				CLANG_WARN_ENUM_CONVERSION = YES;
				CLANG_WARN_INFINITE_RECURSION = YES;
				CLANG_WARN_INT_CONVERSION = YES;
				CLANG_WARN_NON_LITERAL_NULL_CONVERSION = YES;
				CLANG_WARN_OBJC_IMPLICIT_RETAIN_SELF = YES;
				CLANG_WARN_OBJC_LITERAL_CONVERSION = YES;
				CLANG_WARN_OBJC_ROOT_CLASS = YES_ERROR;
				CLANG_WARN_QUOTED_INCLUDE_IN_FRAMEWORK_HEADER = YES;
				CLANG_WARN_RANGE_LOOP_ANALYSIS = YES;
				CLANG_WARN_STRICT_PROTOTYPES = YES;
				CLANG_WARN_SUSPICIOUS_MOVE = YES;
				CLANG_WARN_UNGUARDED_AVAILABILITY = YES_AGGRESSIVE;
				CLANG_WARN_UNREACHABLE_CODE = YES;
				CLANG_WARN__DUPLICATE_METHOD_MATCH = YES;
				COPY_PHASE_STRIP = NO;
				DEBUG_INFORMATION_FORMAT = "dwarf-with-dsym";
				ENABLE_NS_ASSERTIONS = NO;
				ENABLE_STRICT_OBJC_MSGSEND = YES;
				ENABLE_USER_SCRIPT_SANDBOXING = YES;
				GCC_C_LANGUAGE_STANDARD = gnu17;
				GCC_NO_COMMON_BLOCKS = YES;
				GCC_WARN_64_TO_32_BIT_CONVERSION = YES;
				GCC_WARN_ABOUT_RETURN_TYPE = YES_ERROR;
				GCC_WARN_UNDECLARED_SELECTOR = YES;
				GCC_WARN_UNINITIALIZED_AUTOS = YES_AGGRESSIVE;
				GCC_WARN_UNUSED_FUNCTION = YES;
				GCC_WARN_UNUSED_VARIABLE = YES;
				LOCALIZATION_PREFERS_STRING_CATALOGS = YES;
				MTL_ENABLE_DEBUG_INFO = NO;
				MTL_FAST_MATH = YES;
				SWIFT_COMPILATION_MODE = wholemodule;
			};
			name = Release;
		};
		88F0A7F72EC0CDE000CE06FC /* Debug */ = {
			isa = XCBuildConfiguration;
			buildSettings = {
				ASSETCATALOG_COMPILER_APPICON_NAME = AppIcon;
				ASSETCATALOG_COMPILER_GLOBAL_ACCENT_COLOR_NAME = AccentColor;
				CODE_SIGN_ENTITLEMENTS = TransAI/TransAI.entitlements;
				CODE_SIGN_IDENTITY = "Apple Development";
				"CODE_SIGN_IDENTITY[sdk=iphoneos*]" = "iPhone Distribution";
				CODE_SIGN_STYLE = Manual;
				CURRENT_PROJECT_VERSION = 1;
				DEVELOPMENT_ASSET_PATHS = "\"TransAI/Preview Content\"";
				DEVELOPMENT_TEAM = "";
				"DEVELOPMENT_TEAM[sdk=iphoneos*]" = 8UT7U3MV6X;
				ENABLE_HARDENED_RUNTIME = YES;
				ENABLE_PREVIEWS = YES;
				GENERATE_INFOPLIST_FILE = YES;
				INFOPLIST_FILE = TransAI/Info.plist;
				"INFOPLIST_KEY_UIApplicationSceneManifest_Generation[sdk=iphoneos*]" = YES;
				"INFOPLIST_KEY_UIApplicationSceneManifest_Generation[sdk=iphonesimulator*]" = YES;
				"INFOPLIST_KEY_UIApplicationSupportsIndirectInputEvents[sdk=iphoneos*]" = YES;
				"INFOPLIST_KEY_UIApplicationSupportsIndirectInputEvents[sdk=iphonesimulator*]" = YES;
				"INFOPLIST_KEY_UILaunchScreen_Generation[sdk=iphoneos*]" = YES;
				"INFOPLIST_KEY_UILaunchScreen_Generation[sdk=iphonesimulator*]" = YES;
				"INFOPLIST_KEY_UIStatusBarStyle[sdk=iphoneos*]" = UIStatusBarStyleDefault;
				"INFOPLIST_KEY_UIStatusBarStyle[sdk=iphonesimulator*]" = UIStatusBarStyleDefault;
				INFOPLIST_KEY_UISupportedInterfaceOrientations_iPad = "UIInterfaceOrientationPortrait UIInterfaceOrientationPortraitUpsideDown UIInterfaceOrientationLandscapeLeft UIInterfaceOrientationLandscapeRight";
				INFOPLIST_KEY_UISupportedInterfaceOrientations_iPhone = "UIInterfaceOrientationPortrait UIInterfaceOrientationLandscapeLeft UIInterfaceOrientationLandscapeRight";
				IPHONEOS_DEPLOYMENT_TARGET = 18.2;
				LD_RUNPATH_SEARCH_PATHS = "@executable_path/Frameworks";
				"LD_RUNPATH_SEARCH_PATHS[sdk=macosx*]" = "@executable_path/../Frameworks";
				MACOSX_DEPLOYMENT_TARGET = 15.2;
				MARKETING_VERSION = 1.0;
				PRODUCT_BUNDLE_IDENTIFIER = com.haruki.TransAI;
				PRODUCT_NAME = "$(TARGET_NAME)";
				PROVISIONING_PROFILE_SPECIFIER = "";
				"PROVISIONING_PROFILE_SPECIFIER[sdk=iphoneos*]" = TransAI_AdHoc_Profile;
				SDKROOT = auto;
				SUPPORTED_PLATFORMS = "iphoneos iphonesimulator";
				SUPPORTS_MACCATALYST = NO;
				SWIFT_EMIT_LOC_STRINGS = YES;
				SWIFT_VERSION = 5.0;
				TARGETED_DEVICE_FAMILY = 1;
				XROS_DEPLOYMENT_TARGET = 2.2;
			};
			name = Debug;
		};
		88F0A7F82EC0CDE000CE06FC /* Release */ = {
			isa = XCBuildConfiguration;
			buildSettings = {
				ASSETCATALOG_COMPILER_APPICON_NAME = AppIcon;
				ASSETCATALOG_COMPILER_GLOBAL_ACCENT_COLOR_NAME = AccentColor;
				CODE_SIGN_ENTITLEMENTS = TransAI/TransAI.entitlements;
				CODE_SIGN_IDENTITY = "Apple Development";
				"CODE_SIGN_IDENTITY[sdk=iphoneos*]" = "iPhone Distribution";
				CODE_SIGN_STYLE = Manual;
				CURRENT_PROJECT_VERSION = 1;
				DEVELOPMENT_ASSET_PATHS = "\"TransAI/Preview Content\"";
				DEVELOPMENT_TEAM = "";
				"DEVELOPMENT_TEAM[sdk=iphoneos*]" = 8UT7U3MV6X;
				ENABLE_HARDENED_RUNTIME = YES;
				ENABLE_PREVIEWS = YES;
				GENERATE_INFOPLIST_FILE = YES;
				INFOPLIST_FILE = TransAI/Info.plist;
				"INFOPLIST_KEY_UIApplicationSceneManifest_Generation[sdk=iphoneos*]" = YES;
				"INFOPLIST_KEY_UIApplicationSceneManifest_Generation[sdk=iphonesimulator*]" = YES;
				"INFOPLIST_KEY_UIApplicationSupportsIndirectInputEvents[sdk=iphoneos*]" = YES;
				"INFOPLIST_KEY_UIApplicationSupportsIndirectInputEvents[sdk=iphonesimulator*]" = YES;
				"INFOPLIST_KEY_UILaunchScreen_Generation[sdk=iphoneos*]" = YES;
				"INFOPLIST_KEY_UILaunchScreen_Generation[sdk=iphonesimulator*]" = YES;
				"INFOPLIST_KEY_UIStatusBarStyle[sdk=iphoneos*]" = UIStatusBarStyleDefault;
				"INFOPLIST_KEY_UIStatusBarStyle[sdk=iphonesimulator*]" = UIStatusBarStyleDefault;
				INFOPLIST_KEY_UISupportedInterfaceOrientations_iPad = "UIInterfaceOrientationPortrait UIInterfaceOrientationPortraitUpsideDown UIInterfaceOrientationLandscapeLeft UIInterfaceOrientationLandscapeRight";
				INFOPLIST_KEY_UISupportedInterfaceOrientations_iPhone = "UIInterfaceOrientationPortrait UIInterfaceOrientationLandscapeLeft UIInterfaceOrientationLandscapeRight";
				IPHONEOS_DEPLOYMENT_TARGET = 18.2;
				LD_RUNPATH_SEARCH_PATHS = "@executable_path/Frameworks";
				"LD_RUNPATH_SEARCH_PATHS[sdk=macosx*]" = "@executable_path/../Frameworks";
				MACOSX_DEPLOYMENT_TARGET = 15.2;
				MARKETING_VERSION = 1.0;
				PRODUCT_BUNDLE_IDENTIFIER = com.haruki.TransAI;
				PRODUCT_NAME = "$(TARGET_NAME)";
				PROVISIONING_PROFILE_SPECIFIER = "";
				"PROVISIONING_PROFILE_SPECIFIER[sdk=iphoneos*]" = TransAI_AdHoc_Profile;
				SDKROOT = auto;
				SUPPORTED_PLATFORMS = "iphoneos iphonesimulator";
				SUPPORTS_MACCATALYST = NO;
				SWIFT_EMIT_LOC_STRINGS = YES;
				SWIFT_VERSION = 5.0;
				TARGETED_DEVICE_FAMILY = 1;
				XROS_DEPLOYMENT_TARGET = 2.2;
			};
			name = Release;
		};
		88F0A7FA2EC0CDE000CE06FC /* Debug */ = {
			isa = XCBuildConfiguration;
			buildSettings = {
				BUNDLE_LOADER = "$(TEST_HOST)";
				CODE_SIGN_STYLE = Automatic;
				CURRENT_PROJECT_VERSION = 1;
				DEVELOPMENT_TEAM = 8UT7U3MV6X;
				GENERATE_INFOPLIST_FILE = YES;
				IPHONEOS_DEPLOYMENT_TARGET = 18.2;
				MACOSX_DEPLOYMENT_TARGET = 15.2;
				MARKETING_VERSION = 1.0;
				PRODUCT_BUNDLE_IDENTIFIER = com.haruki.TransAITests;
				PRODUCT_NAME = "$(TARGET_NAME)";
				SDKROOT = auto;
				SUPPORTED_PLATFORMS = "iphoneos iphonesimulator macosx xros xrsimulator";
				SWIFT_EMIT_LOC_STRINGS = NO;
				SWIFT_VERSION = 5.0;
				TARGETED_DEVICE_FAMILY = "1,2,7";
				TEST_HOST = "$(BUILT_PRODUCTS_DIR)/TransAI.app/$(BUNDLE_EXECUTABLE_FOLDER_PATH)/TransAI";
				XROS_DEPLOYMENT_TARGET = 2.2;
			};
			name = Debug;
		};
		88F0A7FB2EC0CDE000CE06FC /* Release */ = {
			isa = XCBuildConfiguration;
			buildSettings = {
				BUNDLE_LOADER = "$(TEST_HOST)";
				CODE_SIGN_STYLE = Automatic;
				CURRENT_PROJECT_VERSION = 1;
				DEVELOPMENT_TEAM = 8UT7U3MV6X;
				GENERATE_INFOPLIST_FILE = YES;
				IPHONEOS_DEPLOYMENT_TARGET = 18.2;
				MACOSX_DEPLOYMENT_TARGET = 15.2;
				MARKETING_VERSION = 1.0;
				PRODUCT_BUNDLE_IDENTIFIER = com.haruki.TransAITests;
				PRODUCT_NAME = "$(TARGET_NAME)";
				SDKROOT = auto;
				SUPPORTED_PLATFORMS = "iphoneos iphonesimulator macosx xros xrsimulator";
				SWIFT_EMIT_LOC_STRINGS = NO;
				SWIFT_VERSION = 5.0;
				TARGETED_DEVICE_FAMILY = "1,2,7";
				TEST_HOST = "$(BUILT_PRODUCTS_DIR)/TransAI.app/$(BUNDLE_EXECUTABLE_FOLDER_PATH)/TransAI";
				XROS_DEPLOYMENT_TARGET = 2.2;
			};
			name = Release;
		};
		88F0A7FD2EC0CDE000CE06FC /* Debug */ = {
			isa = XCBuildConfiguration;
			buildSettings = {
				CODE_SIGN_STYLE = Automatic;
				CURRENT_PROJECT_VERSION = 1;
				DEVELOPMENT_TEAM = 8UT7U3MV6X;
				GENERATE_INFOPLIST_FILE = YES;
				IPHONEOS_DEPLOYMENT_TARGET = 18.2;
				MACOSX_DEPLOYMENT_TARGET = 15.2;
				MARKETING_VERSION = 1.0;
				PRODUCT_BUNDLE_IDENTIFIER = com.haruki.TransAIUITests;
				PRODUCT_NAME = "$(TARGET_NAME)";
				SDKROOT = auto;
				SUPPORTED_PLATFORMS = "iphoneos iphonesimulator macosx xros xrsimulator";
				SWIFT_EMIT_LOC_STRINGS = NO;
				SWIFT_VERSION = 5.0;
				TARGETED_DEVICE_FAMILY = "1,2,7";
				TEST_TARGET_NAME = TransAI;
				XROS_DEPLOYMENT_TARGET = 2.2;
			};
			name = Debug;
		};
		88F0A7FE2EC0CDE000CE06FC /* Release */ = {
			isa = XCBuildConfiguration;
			buildSettings = {
				CODE_SIGN_STYLE = Automatic;
				CURRENT_PROJECT_VERSION = 1;
				DEVELOPMENT_TEAM = 8UT7U3MV6X;
				GENERATE_INFOPLIST_FILE = YES;
				IPHONEOS_DEPLOYMENT_TARGET = 18.2;
				MACOSX_DEPLOYMENT_TARGET = 15.2;
				MARKETING_VERSION = 1.0;
				PRODUCT_BUNDLE_IDENTIFIER = com.haruki.TransAIUITests;
				PRODUCT_NAME = "$(TARGET_NAME)";
				SDKROOT = auto;
				SUPPORTED_PLATFORMS = "iphoneos iphonesimulator macosx xros xrsimulator";
				SWIFT_EMIT_LOC_STRINGS = NO;
				SWIFT_VERSION = 5.0;
				TARGETED_DEVICE_FAMILY = "1,2,7";
				TEST_TARGET_NAME = TransAI;
				XROS_DEPLOYMENT_TARGET = 2.2;
			};
			name = Release;
		};
/* End XCBuildConfiguration section */

/* Begin XCConfigurationList section */
		88F0A7CC2EC0CDDF00CE06FC /* Build configuration list for PBXProject "TransAI" */ = {
			isa = XCConfigurationList;
			buildConfigurations = (
				88F0A7F42EC0CDE000CE06FC /* Debug */,
				88F0A7F52EC0CDE000CE06FC /* Release */,
			);
			defaultConfigurationIsVisible = 0;
			defaultConfigurationName = Release;
		};
		88F0A7F62EC0CDE000CE06FC /* Build configuration list for PBXNativeTarget "TransAI" */ = {
			isa = XCConfigurationList;
			buildConfigurations = (
				88F0A7F72EC0CDE000CE06FC /* Debug */,
				88F0A7F82EC0CDE000CE06FC /* Release */,
			);
			defaultConfigurationIsVisible = 0;
			defaultConfigurationName = Release;
		};
		88F0A7F92EC0CDE000CE06FC /* Build configuration list for PBXNativeTarget "TransAITests" */ = {
			isa = XCConfigurationList;
			buildConfigurations = (
				88F0A7FA2EC0CDE000CE06FC /* Debug */,
				88F0A7FB2EC0CDE000CE06FC /* Release */,
			);
			defaultConfigurationIsVisible = 0;
			defaultConfigurationName = Release;
		};
		88F0A7FC2EC0CDE000CE06FC /* Build configuration list for PBXNativeTarget "TransAIUITests" */ = {
			isa = XCConfigurationList;
			buildConfigurations = (
				88F0A7FD2EC0CDE000CE06FC /* Debug */,
				88F0A7FE2EC0CDE000CE06FC /* Release */,
			);
			defaultConfigurationIsVisible = 0;
			defaultConfigurationName = Release;
		};
/* End XCConfigurationList section */
	};
	rootObject = 88F0A7C92EC0CDDF00CE06FC /* Project object */;
}
